// !$*UTF8*$!
{
	archiveVersion = 1;
	classes = {
	};
	objectVersion = 48;
	objects = {

/* Begin PBXBuildFile section */
		7DEB8FFA1FF380950081296C /* AppDelegate.m in Sources */ = {isa = PBXBuildFile; fileRef = 7DEB8FF91FF380950081296C /* AppDelegate.m */; };
		7DEB8FFD1FF380950081296C /* ViewController.m in Sources */ = {isa = PBXBuildFile; fileRef = 7DEB8FFC1FF380950081296C /* ViewController.m */; };
		7DEB90001FF380950081296C /* Main.storyboard in Resources */ = {isa = PBXBuildFile; fileRef = 7DEB8FFE1FF380950081296C /* Main.storyboard */; };
		7DEB90021FF380950081296C /* Assets.xcassets in Resources */ = {isa = PBXBuildFile; fileRef = 7DEB90011FF380950081296C /* Assets.xcassets */; };
		7DEB90051FF380950081296C /* LaunchScreen.storyboard in Resources */ = {isa = PBXBuildFile; fileRef = 7DEB90031FF380950081296C /* LaunchScreen.storyboard */; };
		7DEB90081FF380950081296C /* main.m in Sources */ = {isa = PBXBuildFile; fileRef = 7DEB90071FF380950081296C /* main.m */; };
		7DEB90101FF380A40081296C /* HomeKit.framework in Frameworks */ = {isa = PBXBuildFile; fileRef = 7DEB900F1FF380A40081296C /* HomeKit.framework */; };
		7DEB90141FF39AD40081296C /* RoomListVC.m in Sources */ = {isa = PBXBuildFile; fileRef = 7DEB90131FF39AD40081296C /* RoomListVC.m */; };
		7DEB90181FF3A0FC0081296C /* AccessoryListVC.m in Sources */ = {isa = PBXBuildFile; fileRef = 7DEB90171FF3A0FC0081296C /* AccessoryListVC.m */; };
/* End PBXBuildFile section */

/* Begin PBXFileReference section */
		7DEB8FF51FF380950081296C /* HomeKit.app */ = {isa = PBXFileReference; explicitFileType = wrapper.application; includeInIndex = 0; path = HomeKit.app; sourceTree = BUILT_PRODUCTS_DIR; };
		7DEB8FF81FF380950081296C /* AppDelegate.h */ = {isa = PBXFileReference; lastKnownFileType = sourcecode.c.h; path = AppDelegate.h; sourceTree = "<group>"; };
		7DEB8FF91FF380950081296C /* AppDelegate.m */ = {isa = PBXFileReference; lastKnownFileType = sourcecode.c.objc; path = AppDelegate.m; sourceTree = "<group>"; };
		7DEB8FFB1FF380950081296C /* ViewController.h */ = {isa = PBXFileReference; lastKnownFileType = sourcecode.c.h; path = ViewController.h; sourceTree = "<group>"; };
		7DEB8FFC1FF380950081296C /* ViewController.m */ = {isa = PBXFileReference; lastKnownFileType = sourcecode.c.objc; path = ViewController.m; sourceTree = "<group>"; };
		7DEB8FFF1FF380950081296C /* Base */ = {isa = PBXFileReference; lastKnownFileType = file.storyboard; name = Base; path = Base.lproj/Main.storyboard; sourceTree = "<group>"; };
		7DEB90011FF380950081296C /* Assets.xcassets */ = {isa = PBXFileReference; lastKnownFileType = folder.assetcatalog; path = Assets.xcassets; sourceTree = "<group>"; };
		7DEB90041FF380950081296C /* Base */ = {isa = PBXFileReference; lastKnownFileType = file.storyboard; name = Base; path = Base.lproj/LaunchScreen.storyboard; sourceTree = "<group>"; };
		7DEB90061FF380950081296C /* Info.plist */ = {isa = PBXFileReference; lastKnownFileType = text.plist.xml; path = Info.plist; sourceTree = "<group>"; };
		7DEB90071FF380950081296C /* main.m */ = {isa = PBXFileReference; lastKnownFileType = sourcecode.c.objc; path = main.m; sourceTree = "<group>"; };
		7DEB900F1FF380A40081296C /* HomeKit.framework */ = {isa = PBXFileReference; lastKnownFileType = wrapper.framework; name = HomeKit.framework; path = System/Library/Frameworks/HomeKit.framework; sourceTree = SDKROOT; };
		7DEB90111FF380A40081296C /* HomeKit.entitlements */ = {isa = PBXFileReference; lastKnownFileType = text.plist.entitlements; path = HomeKit.entitlements; sourceTree = "<group>"; };
		7DEB90121FF39AD40081296C /* RoomListVC.h */ = {isa = PBXFileReference; lastKnownFileType = sourcecode.c.h; path = RoomListVC.h; sourceTree = "<group>"; };
		7DEB90131FF39AD40081296C /* RoomListVC.m */ = {isa = PBXFileReference; lastKnownFileType = sourcecode.c.objc; path = RoomListVC.m; sourceTree = "<group>"; };
		7DEB90151FF39CA50081296C /* PrefixHeader.pch */ = {isa = PBXFileReference; lastKnownFileType = sourcecode.c.h; path = PrefixHeader.pch; sourceTree = "<group>"; };
		7DEB90161FF3A0FC0081296C /* AccessoryListVC.h */ = {isa = PBXFileReference; lastKnownFileType = sourcecode.c.h; path = AccessoryListVC.h; sourceTree = "<group>"; };
		7DEB90171FF3A0FC0081296C /* AccessoryListVC.m */ = {isa = PBXFileReference; lastKnownFileType = sourcecode.c.objc; path = AccessoryListVC.m; sourceTree = "<group>"; };
/* End PBXFileReference section */

/* Begin PBXFrameworksBuildPhase section */
		7DEB8FF21FF380950081296C /* Frameworks */ = {
			isa = PBXFrameworksBuildPhase;
			buildActionMask = 2147483647;
			files = (
				7DEB90101FF380A40081296C /* HomeKit.framework in Frameworks */,
			);
			runOnlyForDeploymentPostprocessing = 0;
		};
/* End PBXFrameworksBuildPhase section */

/* Begin PBXGroup section */
		7DEB8FEC1FF380950081296C = {
			isa = PBXGroup;
			children = (
				7DEB8FF71FF380950081296C /* HomeKit */,
				7DEB8FF61FF380950081296C /* Products */,
				7DEB900E1FF380A40081296C /* Frameworks */,
			);
			sourceTree = "<group>";
		};
		7DEB8FF61FF380950081296C /* Products */ = {
			isa = PBXGroup;
			children = (
				7DEB8FF51FF380950081296C /* HomeKit.app */,
			);
			name = Products;
			sourceTree = "<group>";
		};
		7DEB8FF71FF380950081296C /* HomeKit */ = {
			isa = PBXGroup;
			children = (
				7DEB90111FF380A40081296C /* HomeKit.entitlements */,
				7DEB8FF81FF380950081296C /* AppDelegate.h */,
				7DEB8FF91FF380950081296C /* AppDelegate.m */,
				7DEB8FFB1FF380950081296C /* ViewController.h */,
				7DEB8FFC1FF380950081296C /* ViewController.m */,
				7DEB90121FF39AD40081296C /* RoomListVC.h */,
				7DEB90131FF39AD40081296C /* RoomListVC.m */,
				7DEB90161FF3A0FC0081296C /* AccessoryListVC.h */,
				7DEB90171FF3A0FC0081296C /* AccessoryListVC.m */,
				7DEB90151FF39CA50081296C /* PrefixHeader.pch */,
				7DEB8FFE1FF380950081296C /* Main.storyboard */,
				7DEB90011FF380950081296C /* Assets.xcassets */,
				7DEB90031FF380950081296C /* LaunchScreen.storyboard */,
				7DEB90061FF380950081296C /* Info.plist */,
				7DEB90071FF380950081296C /* main.m */,
			);
			path = HomeKit;
			sourceTree = "<group>";
		};
		7DEB900E1FF380A40081296C /* Frameworks */ = {
			isa = PBXGroup;
			children = (
				7DEB900F1FF380A40081296C /* HomeKit.framework */,
			);
			name = Frameworks;
			sourceTree = "<group>";
		};
/* End PBXGroup section */

/* Begin PBXNativeTarget section */
		7DEB8FF41FF380950081296C /* HomeKit */ = {
			isa = PBXNativeTarget;
			buildConfigurationList = 7DEB900B1FF380950081296C /* Build configuration list for PBXNativeTarget "HomeKit" */;
			buildPhases = (
				7DEB8FF11FF380950081296C /* Sources */,
				7DEB8FF21FF380950081296C /* Frameworks */,
				7DEB8FF31FF380950081296C /* Resources */,
			);
			buildRules = (
			);
			dependencies = (
			);
			name = HomeKit;
			productName = HomeKit;
			productReference = 7DEB8FF51FF380950081296C /* HomeKit.app */;
			productType = "com.apple.product-type.application";
		};
/* End PBXNativeTarget section */

/* Begin PBXProject section */
		7DEB8FED1FF380950081296C /* Project object */ = {
			isa = PBXProject;
			attributes = {
				LastUpgradeCheck = 0920;
				ORGANIZATIONNAME = metal;
				TargetAttributes = {
					7DEB8FF41FF380950081296C = {
						CreatedOnToolsVersion = 9.2;
						ProvisioningStyle = Automatic;
						SystemCapabilities = {
							com.apple.HomeKit = {
								enabled = 1;
							};
						};
					};
				};
			};
			buildConfigurationList = 7DEB8FF01FF380950081296C /* Build configuration list for PBXProject "HomeKit" */;
			compatibilityVersion = "Xcode 8.0";
			developmentRegion = en;
			hasScannedForEncodings = 0;
			knownRegions = (
				en,
				Base,
			);
			mainGroup = 7DEB8FEC1FF380950081296C;
			productRefGroup = 7DEB8FF61FF380950081296C /* Products */;
			projectDirPath = "";
			projectRoot = "";
			targets = (
				7DEB8FF41FF380950081296C /* HomeKit */,
			);
		};
/* End PBXProject section */

/* Begin PBXResourcesBuildPhase section */
		7DEB8FF31FF380950081296C /* Resources */ = {
			isa = PBXResourcesBuildPhase;
			buildActionMask = 2147483647;
			files = (
				7DEB90051FF380950081296C /* LaunchScreen.storyboard in Resources */,
				7DEB90021FF380950081296C /* Assets.xcassets in Resources */,
				7DEB90001FF380950081296C /* Main.storyboard in Resources */,
			);
			runOnlyForDeploymentPostprocessing = 0;
		};
/* End PBXResourcesBuildPhase section */

/* Begin PBXSourcesBuildPhase section */
		7DEB8FF11FF380950081296C /* Sources */ = {
			isa = PBXSourcesBuildPhase;
			buildActionMask = 2147483647;
			files = (
				7DEB8FFD1FF380950081296C /* ViewController.m in Sources */,
				7DEB90141FF39AD40081296C /* RoomListVC.m in Sources */,
				7DEB90081FF380950081296C /* main.m in Sources */,
				7DEB90181FF3A0FC0081296C /* AccessoryListVC.m in Sources */,
				7DEB8FFA1FF380950081296C /* AppDelegate.m in Sources */,
			);
			runOnlyForDeploymentPostprocessing = 0;
		};
/* End PBXSourcesBuildPhase section */

/* Begin PBXVariantGroup section */
		7DEB8FFE1FF380950081296C /* Main.storyboard */ = {
			isa = PBXVariantGroup;
			children = (
				7DEB8FFF1FF380950081296C /* Base */,
			);
			name = Main.storyboard;
			sourceTree = "<group>";
		};
		7DEB90031FF380950081296C /* LaunchScreen.storyboard */ = {
			isa = PBXVariantGroup;
			children = (
				7DEB90041FF380950081296C /* Base */,
			);
			name = LaunchScreen.storyboard;
			sourceTree = "<group>";
		};
/* End PBXVariantGroup section */

/* Begin XCBuildConfiguration section */
		7DEB90091FF380950081296C /* Debug */ = {
			isa = XCBuildConfiguration;
			buildSettings = {
				ALWAYS_SEARCH_USER_PATHS = NO;
				CLANG_ANALYZER_NONNULL = YES;
				CLANG_ANALYZER_NUMBER_OBJECT_CONVERSION = YES_AGGRESSIVE;
				CLANG_CXX_LANGUAGE_STANDARD = "gnu++14";
				CLANG_CXX_LIBRARY = "libc++";
				CLANG_ENABLE_MODULES = YES;
				CLANG_ENABLE_OBJC_ARC = YES;
				CLANG_WARN_BLOCK_CAPTURE_AUTORELEASING = YES;
				CLANG_WARN_BOOL_CONVERSION = YES;
				CLANG_WARN_COMMA = YES;
				CLANG_WARN_CONSTANT_CONVERSION = YES;
				CLANG_WARN_DIRECT_OBJC_ISA_USAGE = YES_ERROR;
				CLANG_WARN_DOCUMENTATION_COMMENTS = YES;
				CLANG_WARN_EMPTY_BODY = YES;
				CLANG_WARN_ENUM_CONVERSION = YES;
				CLANG_WARN_INFINITE_RECURSION = YES;
				CLANG_WARN_INT_CONVERSION = YES;
				CLANG_WARN_NON_LITERAL_NULL_CONVERSION = YES;
				CLANG_WARN_OBJC_LITERAL_CONVERSION = YES;
				CLANG_WARN_OBJC_ROOT_CLASS = YES_ERROR;
				CLANG_WARN_RANGE_LOOP_ANALYSIS = YES;
				CLANG_WARN_STRICT_PROTOTYPES = YES;
				CLANG_WARN_SUSPICIOUS_MOVE = YES;
				CLANG_WARN_UNGUARDED_AVAILABILITY = YES_AGGRESSIVE;
				CLANG_WARN_UNREACHABLE_CODE = YES;
				CLANG_WARN__DUPLICATE_METHOD_MATCH = YES;
				CODE_SIGN_IDENTITY = "iPhone Developer";
				COPY_PHASE_STRIP = NO;
				DEBUG_INFORMATION_FORMAT = dwarf;
				ENABLE_STRICT_OBJC_MSGSEND = YES;
				ENABLE_TESTABILITY = YES;
				GCC_C_LANGUAGE_STANDARD = gnu11;
				GCC_DYNAMIC_NO_PIC = NO;
				GCC_NO_COMMON_BLOCKS = YES;
				GCC_OPTIMIZATION_LEVEL = 0;
				GCC_PREPROCESSOR_DEFINITIONS = (
					"DEBUG=1",
					"$(inherited)",
				);
				GCC_WARN_64_TO_32_BIT_CONVERSION = YES;
				GCC_WARN_ABOUT_RETURN_TYPE = YES_ERROR;
				GCC_WARN_UNDECLARED_SELECTOR = YES;
				GCC_WARN_UNINITIALIZED_AUTOS = YES_AGGRESSIVE;
				GCC_WARN_UNUSED_FUNCTION = YES;
				GCC_WARN_UNUSED_VARIABLE = YES;
				IPHONEOS_DEPLOYMENT_TARGET = 11.2;
				MTL_ENABLE_DEBUG_INFO = YES;
				ONLY_ACTIVE_ARCH = YES;
				SDKROOT = iphoneos;
			};
			name = Debug;
		};
		7DEB900A1FF380950081296C /* Release */ = {
			isa = XCBuildConfiguration;
			buildSettings = {
				ALWAYS_SEARCH_USER_PATHS = NO;
				CLANG_ANALYZER_NONNULL = YES;
				CLANG_ANALYZER_NUMBER_OBJECT_CONVERSION = YES_AGGRESSIVE;
				CLANG_CXX_LANGUAGE_STANDARD = "gnu++14";
				CLANG_CXX_LIBRARY = "libc++";
				CLANG_ENABLE_MODULES = YES;
				CLANG_ENABLE_OBJC_ARC = YES;
				CLANG_WARN_BLOCK_CAPTURE_AUTORELEASING = YES;
				CLANG_WARN_BOOL_CONVERSION = YES;
				CLANG_WARN_COMMA = YES;
				CLANG_WARN_CONSTANT_CONVERSION = YES;
				CLANG_WARN_DIRECT_OBJC_ISA_USAGE = YES_ERROR;
				CLANG_WARN_DOCUMENTATION_COMMENTS = YES;
				CLANG_WARN_EMPTY_BODY = YES;
				CLANG_WARN_ENUM_CONVERSION = YES;
				CLANG_WARN_INFINITE_RECURSION = YES;
				CLANG_WARN_INT_CONVERSION = YES;
				CLANG_WARN_NON_LITERAL_NULL_CONVERSION = YES;
				CLANG_WARN_OBJC_LITERAL_CONVERSION = YES;
				CLANG_WARN_OBJC_ROOT_CLASS = YES_ERROR;
				CLANG_WARN_RANGE_LOOP_ANALYSIS = YES;
				CLANG_WARN_STRICT_PROTOTYPES = YES;
				CLANG_WARN_SUSPICIOUS_MOVE = YES;
				CLANG_WARN_UNGUARDED_AVAILABILITY = YES_AGGRESSIVE;
				CLANG_WARN_UNREACHABLE_CODE = YES;
				CLANG_WARN__DUPLICATE_METHOD_MATCH = YES;
				CODE_SIGN_IDENTITY = "iPhone Developer";
				COPY_PHASE_STRIP = NO;
				DEBUG_INFORMATION_FORMAT = "dwarf-with-dsym";
				ENABLE_NS_ASSERTIONS = NO;
				ENABLE_STRICT_OBJC_MSGSEND = YES;
				GCC_C_LANGUAGE_STANDARD = gnu11;
				GCC_NO_COMMON_BLOCKS = YES;
				GCC_WARN_64_TO_32_BIT_CONVERSION = YES;
				GCC_WARN_ABOUT_RETURN_TYPE = YES_ERROR;
				GCC_WARN_UNDECLARED_SELECTOR = YES;
				GCC_WARN_UNINITIALIZED_AUTOS = YES_AGGRESSIVE;
				GCC_WARN_UNUSED_FUNCTION = YES;
				GCC_WARN_UNUSED_VARIABLE = YES;
				IPHONEOS_DEPLOYMENT_TARGET = 11.2;
				MTL_ENABLE_DEBUG_INFO = NO;
				SDKROOT = iphoneos;
				VALIDATE_PRODUCT = YES;
			};
			name = Release;
		};
		7DEB900C1FF380950081296C /* Debug */ = {
			isa = XCBuildConfiguration;
			buildSettings = {
				ASSETCATALOG_COMPILER_APPICON_NAME = AppIcon;
				CODE_SIGN_ENTITLEMENTS = HomeKit/HomeKit.entitlements;
				CODE_SIGN_STYLE = Automatic;
				DEVELOPMENT_TEAM = "";
				GCC_PRECOMPILE_PREFIX_HEADER = YES;
				GCC_PREFIX_HEADER = "$(SRCROOT)/HomeKit/PrefixHeader.pch";
				INFOPLIST_FILE = HomeKit/Info.plist;
				IPHONEOS_DEPLOYMENT_TARGET = 8.0;
				LD_RUNPATH_SEARCH_PATHS = "$(inherited) @executable_path/Frameworks";
				PRODUCT_BUNDLE_IDENTIFIER = com.zving.HomeKit;
				PRODUCT_NAME = "$(TARGET_NAME)";
				TARGETED_DEVICE_FAMILY = "1,2";
			};
			name = Debug;
		};
		7DEB900D1FF380950081296C /* Release */ = {
			isa = XCBuildConfiguration;
			buildSettings = {
				ASSETCATALOG_COMPILER_APPICON_NAME = AppIcon;
				CODE_SIGN_ENTITLEMENTS = HomeKit/HomeKit.entitlements;
				CODE_SIGN_STYLE = Automatic;
				DEVELOPMENT_TEAM = "";
				GCC_PRECOMPILE_PREFIX_HEADER = YES;
				GCC_PREFIX_HEADER = "$(SRCROOT)/HomeKit/PrefixHeader.pch";
				INFOPLIST_FILE = HomeKit/Info.plist;
				IPHONEOS_DEPLOYMENT_TARGET = 8.0;
				LD_RUNPATH_SEARCH_PATHS = "$(inherited) @executable_path/Frameworks";
				PRODUCT_BUNDLE_IDENTIFIER = com.zving.HomeKit;
				PRODUCT_NAME = "$(TARGET_NAME)";
				TARGETED_DEVICE_FAMILY = "1,2";
			};
			name = Release;
		};
/* End XCBuildConfiguration section */

/* Begin XCConfigurationList section */
		7DEB8FF01FF380950081296C /* Build configuration list for PBXProject "HomeKit" */ = {
			isa = XCConfigurationList;
			buildConfigurations = (
				7DEB90091FF380950081296C /* Debug */,
				7DEB900A1FF380950081296C /* Release */,
			);
			defaultConfigurationIsVisible = 0;
			defaultConfigurationName = Release;
		};
		7DEB900B1FF380950081296C /* Build configuration list for PBXNativeTarget "HomeKit" */ = {
			isa = XCConfigurationList;
			buildConfigurations = (
				7DEB900C1FF380950081296C /* Debug */,
				7DEB900D1FF380950081296C /* Release */,
			);
			defaultConfigurationIsVisible = 0;
			defaultConfigurationName = Release;
		};
/* End XCConfigurationList section */
	};
	rootObject = 7DEB8FED1FF380950081296C /* Project object */;
}
